// !$*UTF8*$!
{
	archiveVersion = 1;
	classes = {
	};
	objectVersion = 46;
	objects = {

/* Begin PBXBuildFile section */
		44893D581A0F933800BD2DF3 /* main.m in Sources */ = {isa = PBXBuildFile; fileRef = 44893D571A0F933800BD2DF3 /* main.m */; };
		44893D5B1A0F933800BD2DF3 /* AppDelegate.m in Sources */ = {isa = PBXBuildFile; fileRef = 44893D5A1A0F933800BD2DF3 /* AppDelegate.m */; };
		44893D5E1A0F933800BD2DF3 /* GameScene.m in Sources */ = {isa = PBXBuildFile; fileRef = 44893D5D1A0F933800BD2DF3 /* GameScene.m */; };
		44893D601A0F933800BD2DF3 /* GameScene.sks in Resources */ = {isa = PBXBuildFile; fileRef = 44893D5F1A0F933800BD2DF3 /* GameScene.sks */; };
		44893D631A0F933800BD2DF3 /* GameViewController.m in Sources */ = {isa = PBXBuildFile; fileRef = 44893D621A0F933800BD2DF3 /* GameViewController.m */; };
		44893D661A0F933800BD2DF3 /* Main.storyboard in Resources */ = {isa = PBXBuildFile; fileRef = 44893D641A0F933800BD2DF3 /* Main.storyboard */; };
		44893D681A0F933800BD2DF3 /* Images.xcassets in Resources */ = {isa = PBXBuildFile; fileRef = 44893D671A0F933800BD2DF3 /* Images.xcassets */; };
		44893D6B1A0F933800BD2DF3 /* LaunchScreen.xib in Resources */ = {isa = PBXBuildFile; fileRef = 44893D691A0F933800BD2DF3 /* LaunchScreen.xib */; };
		44893D771A0F933800BD2DF3 /* Dont_Burst_Your_BubbleTests.m in Sources */ = {isa = PBXBuildFile; fileRef = 44893D761A0F933800BD2DF3 /* Dont_Burst_Your_BubbleTests.m */; };
		44893D811A0F964800BD2DF3 /* Graphics.atlas in Resources */ = {isa = PBXBuildFile; fileRef = 44893D801A0F964800BD2DF3 /* Graphics.atlas */; };
		44893D871A0F98BE00BD2DF3 /* ADGFan.m in Sources */ = {isa = PBXBuildFile; fileRef = 44893D861A0F98BE00BD2DF3 /* ADGFan.m */; };
		44893D8A1A101DA600BD2DF3 /* ADGBubble.m in Sources */ = {isa = PBXBuildFile; fileRef = 44893D891A101DA600BD2DF3 /* ADGBubble.m */; };
		44893D8D1A16B73500BD2DF3 /* ADGConstants.m in Sources */ = {isa = PBXBuildFile; fileRef = 44893D8C1A16B73500BD2DF3 /* ADGConstants.m */; };
		44893D941A16E87600BD2DF3 /* BurstBubble.sks in Resources */ = {isa = PBXBuildFile; fileRef = 44893D931A16E87600BD2DF3 /* BurstBubble.sks */; };
		44893D971A16EAA600BD2DF3 /* FanParticles.sks in Resources */ = {isa = PBXBuildFile; fileRef = 44893D951A16EAA600BD2DF3 /* FanParticles.sks */; };
		44893D991A16F0D100BD2DF3 /* spark.png in Resources */ = {isa = PBXBuildFile; fileRef = 44893D961A16EAA600BD2DF3 /* spark.png */; };
		44893D9C1A19063300BD2DF3 /* ADGSpikyBalls.m in Sources */ = {isa = PBXBuildFile; fileRef = 44893D9B1A19063300BD2DF3 /* ADGSpikyBalls.m */; };
		44893D9F1A1BCFB800BD2DF3 /* ADGMoley.m in Sources */ = {isa = PBXBuildFile; fileRef = 44893D9E1A1BCFB800BD2DF3 /* ADGMoley.m */; };
/* End PBXBuildFile section */

/* Begin PBXContainerItemProxy section */
		44893D711A0F933800BD2DF3 /* PBXContainerItemProxy */ = {
			isa = PBXContainerItemProxy;
			containerPortal = 44893D4A1A0F933800BD2DF3 /* Project object */;
			proxyType = 1;
			remoteGlobalIDString = 44893D511A0F933800BD2DF3;
			remoteInfo = "Dont Burst Your Bubble";
		};
/* End PBXContainerItemProxy section */

/* Begin PBXFileReference section */
		44893D521A0F933800BD2DF3 /* Dont Burst Your Bubble.app */ = {isa = PBXFileReference; explicitFileType = wrapper.application; includeInIndex = 0; path = "Dont Burst Your Bubble.app"; sourceTree = BUILT_PRODUCTS_DIR; };
		44893D561A0F933800BD2DF3 /* Info.plist */ = {isa = PBXFileReference; lastKnownFileType = text.plist.xml; path = Info.plist; sourceTree = "<group>"; };
		44893D571A0F933800BD2DF3 /* main.m */ = {isa = PBXFileReference; lastKnownFileType = sourcecode.c.objc; path = main.m; sourceTree = "<group>"; };
		44893D591A0F933800BD2DF3 /* AppDelegate.h */ = {isa = PBXFileReference; lastKnownFileType = sourcecode.c.h; path = AppDelegate.h; sourceTree = "<group>"; };
		44893D5A1A0F933800BD2DF3 /* AppDelegate.m */ = {isa = PBXFileReference; lastKnownFileType = sourcecode.c.objc; path = AppDelegate.m; sourceTree = "<group>"; };
		44893D5C1A0F933800BD2DF3 /* GameScene.h */ = {isa = PBXFileReference; lastKnownFileType = sourcecode.c.h; path = GameScene.h; sourceTree = "<group>"; };
		44893D5D1A0F933800BD2DF3 /* GameScene.m */ = {isa = PBXFileReference; lastKnownFileType = sourcecode.c.objc; path = GameScene.m; sourceTree = "<group>"; };
		44893D5F1A0F933800BD2DF3 /* GameScene.sks */ = {isa = PBXFileReference; lastKnownFileType = file.sks; path = GameScene.sks; sourceTree = "<group>"; };
		44893D611A0F933800BD2DF3 /* GameViewController.h */ = {isa = PBXFileReference; lastKnownFileType = sourcecode.c.h; path = GameViewController.h; sourceTree = "<group>"; };
		44893D621A0F933800BD2DF3 /* GameViewController.m */ = {isa = PBXFileReference; lastKnownFileType = sourcecode.c.objc; path = GameViewController.m; sourceTree = "<group>"; };
		44893D651A0F933800BD2DF3 /* Base */ = {isa = PBXFileReference; lastKnownFileType = file.storyboard; name = Base; path = Base.lproj/Main.storyboard; sourceTree = "<group>"; };
		44893D671A0F933800BD2DF3 /* Images.xcassets */ = {isa = PBXFileReference; lastKnownFileType = folder.assetcatalog; path = Images.xcassets; sourceTree = "<group>"; };
		44893D6A1A0F933800BD2DF3 /* Base */ = {isa = PBXFileReference; lastKnownFileType = file.xib; name = Base; path = Base.lproj/LaunchScreen.xib; sourceTree = "<group>"; };
		44893D701A0F933800BD2DF3 /* Dont Burst Your BubbleTests.xctest */ = {isa = PBXFileReference; explicitFileType = wrapper.cfbundle; includeInIndex = 0; path = "Dont Burst Your BubbleTests.xctest"; sourceTree = BUILT_PRODUCTS_DIR; };
		44893D751A0F933800BD2DF3 /* Info.plist */ = {isa = PBXFileReference; lastKnownFileType = text.plist.xml; path = Info.plist; sourceTree = "<group>"; };
		44893D761A0F933800BD2DF3 /* Dont_Burst_Your_BubbleTests.m */ = {isa = PBXFileReference; lastKnownFileType = sourcecode.c.objc; path = Dont_Burst_Your_BubbleTests.m; sourceTree = "<group>"; };
		44893D801A0F964800BD2DF3 /* Graphics.atlas */ = {isa = PBXFileReference; lastKnownFileType = folder.skatlas; path = Graphics.atlas; sourceTree = "<group>"; };
		44893D851A0F98BE00BD2DF3 /* ADGFan.h */ = {isa = PBXFileReference; fileEncoding = 4; lastKnownFileType = sourcecode.c.h; path = ADGFan.h; sourceTree = "<group>"; };
		44893D861A0F98BE00BD2DF3 /* ADGFan.m */ = {isa = PBXFileReference; fileEncoding = 4; lastKnownFileType = sourcecode.c.objc; path = ADGFan.m; sourceTree = "<group>"; };
		44893D881A101DA600BD2DF3 /* ADGBubble.h */ = {isa = PBXFileReference; fileEncoding = 4; lastKnownFileType = sourcecode.c.h; path = ADGBubble.h; sourceTree = "<group>"; };
		44893D891A101DA600BD2DF3 /* ADGBubble.m */ = {isa = PBXFileReference; fileEncoding = 4; lastKnownFileType = sourcecode.c.objc; path = ADGBubble.m; sourceTree = "<group>"; };
		44893D8B1A16B73500BD2DF3 /* ADGConstants.h */ = {isa = PBXFileReference; fileEncoding = 4; lastKnownFileType = sourcecode.c.h; path = ADGConstants.h; sourceTree = "<group>"; };
		44893D8C1A16B73500BD2DF3 /* ADGConstants.m */ = {isa = PBXFileReference; fileEncoding = 4; lastKnownFileType = sourcecode.c.objc; path = ADGConstants.m; sourceTree = "<group>"; };
		44893D901A16C05200BD2DF3 /* spark.png */ = {isa = PBXFileReference; lastKnownFileType = image.png; path = spark.png; sourceTree = "<group>"; };
		44893D931A16E87600BD2DF3 /* BurstBubble.sks */ = {isa = PBXFileReference; lastKnownFileType = file.sks; path = BurstBubble.sks; sourceTree = "<group>"; };
		44893D951A16EAA600BD2DF3 /* FanParticles.sks */ = {isa = PBXFileReference; lastKnownFileType = file.sks; name = FanParticles.sks; path = ../FanParticles.sks; sourceTree = "<group>"; };
		44893D961A16EAA600BD2DF3 /* spark.png */ = {isa = PBXFileReference; lastKnownFileType = image.png; name = spark.png; path = ../spark.png; sourceTree = "<group>"; };
		44893D9A1A19063300BD2DF3 /* ADGSpikyBalls.h */ = {isa = PBXFileReference; fileEncoding = 4; lastKnownFileType = sourcecode.c.h; path = ADGSpikyBalls.h; sourceTree = "<group>"; };
		44893D9B1A19063300BD2DF3 /* ADGSpikyBalls.m */ = {isa = PBXFileReference; fileEncoding = 4; lastKnownFileType = sourcecode.c.objc; path = ADGSpikyBalls.m; sourceTree = "<group>"; };
		44893D9D1A1BCFB800BD2DF3 /* ADGMoley.h */ = {isa = PBXFileReference; fileEncoding = 4; lastKnownFileType = sourcecode.c.h; path = ADGMoley.h; sourceTree = "<group>"; };
		44893D9E1A1BCFB800BD2DF3 /* ADGMoley.m */ = {isa = PBXFileReference; fileEncoding = 4; lastKnownFileType = sourcecode.c.objc; path = ADGMoley.m; sourceTree = "<group>"; };
/* End PBXFileReference section */

/* Begin PBXFrameworksBuildPhase section */
		44893D4F1A0F933800BD2DF3 /* Frameworks */ = {
			isa = PBXFrameworksBuildPhase;
			buildActionMask = 2147483647;
			files = (
			);
			runOnlyForDeploymentPostprocessing = 0;
		};
		44893D6D1A0F933800BD2DF3 /* Frameworks */ = {
			isa = PBXFrameworksBuildPhase;
			buildActionMask = 2147483647;
			files = (
			);
			runOnlyForDeploymentPostprocessing = 0;
		};
/* End PBXFrameworksBuildPhase section */

/* Begin PBXGroup section */
		44893D491A0F933800BD2DF3 = {
			isa = PBXGroup;
			children = (
				44893D541A0F933800BD2DF3 /* Dont Burst Your Bubble */,
				44893D731A0F933800BD2DF3 /* Dont Burst Your BubbleTests */,
				44893D531A0F933800BD2DF3 /* Products */,
			);
			sourceTree = "<group>";
		};
		44893D531A0F933800BD2DF3 /* Products */ = {
			isa = PBXGroup;
			children = (
				44893D521A0F933800BD2DF3 /* Dont Burst Your Bubble.app */,
				44893D701A0F933800BD2DF3 /* Dont Burst Your BubbleTests.xctest */,
			);
			name = Products;
			sourceTree = "<group>";
		};
		44893D541A0F933800BD2DF3 /* Dont Burst Your Bubble */ = {
			isa = PBXGroup;
			children = (
				44893D8E1A16BF4A00BD2DF3 /* Particle Effects */,
				44893D801A0F964800BD2DF3 /* Graphics.atlas */,
				44893D591A0F933800BD2DF3 /* AppDelegate.h */,
				44893D5A1A0F933800BD2DF3 /* AppDelegate.m */,
				44893D611A0F933800BD2DF3 /* GameViewController.h */,
				44893D621A0F933800BD2DF3 /* GameViewController.m */,
				44893D8B1A16B73500BD2DF3 /* ADGConstants.h */,
				44893D8C1A16B73500BD2DF3 /* ADGConstants.m */,
				44893D5C1A0F933800BD2DF3 /* GameScene.h */,
				44893D5D1A0F933800BD2DF3 /* GameScene.m */,
				44893D851A0F98BE00BD2DF3 /* ADGFan.h */,
				44893D861A0F98BE00BD2DF3 /* ADGFan.m */,
				44893D881A101DA600BD2DF3 /* ADGBubble.h */,
				44893D891A101DA600BD2DF3 /* ADGBubble.m */,
				44893D9A1A19063300BD2DF3 /* ADGSpikyBalls.h */,
				44893D9B1A19063300BD2DF3 /* ADGSpikyBalls.m */,
				44893D9D1A1BCFB800BD2DF3 /* ADGMoley.h */,
				44893D9E1A1BCFB800BD2DF3 /* ADGMoley.m */,
				44893D5F1A0F933800BD2DF3 /* GameScene.sks */,
				44893D641A0F933800BD2DF3 /* Main.storyboard */,
				44893D671A0F933800BD2DF3 /* Images.xcassets */,
				44893D691A0F933800BD2DF3 /* LaunchScreen.xib */,
				44893D551A0F933800BD2DF3 /* Supporting Files */,
			);
			path = "Dont Burst Your Bubble";
			sourceTree = "<group>";
		};
		44893D551A0F933800BD2DF3 /* Supporting Files */ = {
			isa = PBXGroup;
			children = (
				44893D561A0F933800BD2DF3 /* Info.plist */,
				44893D571A0F933800BD2DF3 /* main.m */,
			);
			name = "Supporting Files";
			sourceTree = "<group>";
		};
		44893D731A0F933800BD2DF3 /* Dont Burst Your BubbleTests */ = {
			isa = PBXGroup;
			children = (
				44893D761A0F933800BD2DF3 /* Dont_Burst_Your_BubbleTests.m */,
				44893D741A0F933800BD2DF3 /* Supporting Files */,
			);
			path = "Dont Burst Your BubbleTests";
			sourceTree = "<group>";
		};
		44893D741A0F933800BD2DF3 /* Supporting Files */ = {
			isa = PBXGroup;
			children = (
				44893D751A0F933800BD2DF3 /* Info.plist */,
			);
			name = "Supporting Files";
			sourceTree = "<group>";
		};
		44893D8E1A16BF4A00BD2DF3 /* Particle Effects */ = {
			isa = PBXGroup;
			children = (
				44893D951A16EAA600BD2DF3 /* FanParticles.sks */,
				44893D961A16EAA600BD2DF3 /* spark.png */,
				44893D931A16E87600BD2DF3 /* BurstBubble.sks */,
				44893D901A16C05200BD2DF3 /* spark.png */,
			);
			name = "Particle Effects";
			sourceTree = "<group>";
		};
/* End PBXGroup section */

/* Begin PBXNativeTarget section */
		44893D511A0F933800BD2DF3 /* Dont Burst Your Bubble */ = {
			isa = PBXNativeTarget;
			buildConfigurationList = 44893D7A1A0F933800BD2DF3 /* Build configuration list for PBXNativeTarget "Dont Burst Your Bubble" */;
			buildPhases = (
				44893D4E1A0F933800BD2DF3 /* Sources */,
				44893D4F1A0F933800BD2DF3 /* Frameworks */,
				44893D501A0F933800BD2DF3 /* Resources */,
			);
			buildRules = (
			);
			dependencies = (
			);
			name = "Dont Burst Your Bubble";
			productName = "Dont Burst Your Bubble";
			productReference = 44893D521A0F933800BD2DF3 /* Dont Burst Your Bubble.app */;
			productType = "com.apple.product-type.application";
		};
		44893D6F1A0F933800BD2DF3 /* Dont Burst Your BubbleTests */ = {
			isa = PBXNativeTarget;
			buildConfigurationList = 44893D7D1A0F933800BD2DF3 /* Build configuration list for PBXNativeTarget "Dont Burst Your BubbleTests" */;
			buildPhases = (
				44893D6C1A0F933800BD2DF3 /* Sources */,
				44893D6D1A0F933800BD2DF3 /* Frameworks */,
				44893D6E1A0F933800BD2DF3 /* Resources */,
			);
			buildRules = (
			);
			dependencies = (
				44893D721A0F933800BD2DF3 /* PBXTargetDependency */,
			);
			name = "Dont Burst Your BubbleTests";
			productName = "Dont Burst Your BubbleTests";
			productReference = 44893D701A0F933800BD2DF3 /* Dont Burst Your BubbleTests.xctest */;
			productType = "com.apple.product-type.bundle.unit-test";
		};
/* End PBXNativeTarget section */

/* Begin PBXProject section */
		44893D4A1A0F933800BD2DF3 /* Project object */ = {
			isa = PBXProject;
			attributes = {
				LastUpgradeCheck = 0610;
				ORGANIZATIONNAME = "Adam Gould";
				TargetAttributes = {
					44893D511A0F933800BD2DF3 = {
						CreatedOnToolsVersion = 6.1;
					};
					44893D6F1A0F933800BD2DF3 = {
						CreatedOnToolsVersion = 6.1;
						TestTargetID = 44893D511A0F933800BD2DF3;
					};
				};
			};
			buildConfigurationList = 44893D4D1A0F933800BD2DF3 /* Build configuration list for PBXProject "Dont Burst Your Bubble" */;
			compatibilityVersion = "Xcode 3.2";
			developmentRegion = English;
			hasScannedForEncodings = 0;
			knownRegions = (
				en,
				Base,
			);
			mainGroup = 44893D491A0F933800BD2DF3;
			productRefGroup = 44893D531A0F933800BD2DF3 /* Products */;
			projectDirPath = "";
			projectRoot = "";
			targets = (
				44893D511A0F933800BD2DF3 /* Dont Burst Your Bubble */,
				44893D6F1A0F933800BD2DF3 /* Dont Burst Your BubbleTests */,
			);
		};
/* End PBXProject section */

/* Begin PBXResourcesBuildPhase section */
		44893D501A0F933800BD2DF3 /* Resources */ = {
			isa = PBXResourcesBuildPhase;
			buildActionMask = 2147483647;
			files = (
				44893D991A16F0D100BD2DF3 /* spark.png in Resources */,
				44893D6B1A0F933800BD2DF3 /* LaunchScreen.xib in Resources */,
				44893D941A16E87600BD2DF3 /* BurstBubble.sks in Resources */,
				44893D811A0F964800BD2DF3 /* Graphics.atlas in Resources */,
				44893D971A16EAA600BD2DF3 /* FanParticles.sks in Resources */,
				44893D681A0F933800BD2DF3 /* Images.xcassets in Resources */,
				44893D601A0F933800BD2DF3 /* GameScene.sks in Resources */,
				44893D661A0F933800BD2DF3 /* Main.storyboard in Resources */,
			);
			runOnlyForDeploymentPostprocessing = 0;
		};
		44893D6E1A0F933800BD2DF3 /* Resources */ = {
			isa = PBXResourcesBuildPhase;
			buildActionMask = 2147483647;
			files = (
			);
			runOnlyForDeploymentPostprocessing = 0;
		};
/* End PBXResourcesBuildPhase section */

/* Begin PBXSourcesBuildPhase section */
		44893D4E1A0F933800BD2DF3 /* Sources */ = {
			isa = PBXSourcesBuildPhase;
			buildActionMask = 2147483647;
			files = (
				44893D8A1A101DA600BD2DF3 /* ADGBubble.m in Sources */,
				44893D9F1A1BCFB800BD2DF3 /* ADGMoley.m in Sources */,
				44893D631A0F933800BD2DF3 /* GameViewController.m in Sources */,
				44893D5B1A0F933800BD2DF3 /* AppDelegate.m in Sources */,
				44893D5E1A0F933800BD2DF3 /* GameScene.m in Sources */,
				44893D9C1A19063300BD2DF3 /* ADGSpikyBalls.m in Sources */,
				44893D8D1A16B73500BD2DF3 /* ADGConstants.m in Sources */,
				44893D871A0F98BE00BD2DF3 /* ADGFan.m in Sources */,
				44893D581A0F933800BD2DF3 /* main.m in Sources */,
			);
			runOnlyForDeploymentPostprocessing = 0;
		};
		44893D6C1A0F933800BD2DF3 /* Sources */ = {
			isa = PBXSourcesBuildPhase;
			buildActionMask = 2147483647;
			files = (
				44893D771A0F933800BD2DF3 /* Dont_Burst_Your_BubbleTests.m in Sources */,
			);
			runOnlyForDeploymentPostprocessing = 0;
		};
/* End PBXSourcesBuildPhase section */

/* Begin PBXTargetDependency section */
		44893D721A0F933800BD2DF3 /* PBXTargetDependency */ = {
			isa = PBXTargetDependency;
			target = 44893D511A0F933800BD2DF3 /* Dont Burst Your Bubble */;
			targetProxy = 44893D711A0F933800BD2DF3 /* PBXContainerItemProxy */;
		};
/* End PBXTargetDependency section */

/* Begin PBXVariantGroup section */
		44893D641A0F933800BD2DF3 /* Main.storyboard */ = {
			isa = PBXVariantGroup;
			children = (
				44893D651A0F933800BD2DF3 /* Base */,
			);
			name = Main.storyboard;
			sourceTree = "<group>";
		};
		44893D691A0F933800BD2DF3 /* LaunchScreen.xib */ = {
			isa = PBXVariantGroup;
			children = (
				44893D6A1A0F933800BD2DF3 /* Base */,
			);
			name = LaunchScreen.xib;
			sourceTree = "<group>";
		};
/* End PBXVariantGroup section */

/* Begin XCBuildConfiguration section */
		44893D781A0F933800BD2DF3 /* Debug */ = {
			isa = XCBuildConfiguration;
			buildSettings = {
				ALWAYS_SEARCH_USER_PATHS = NO;
				CLANG_CXX_LANGUAGE_STANDARD = "gnu++0x";
				CLANG_CXX_LIBRARY = "libc++";
				CLANG_ENABLE_MODULES = YES;
				CLANG_ENABLE_OBJC_ARC = YES;
				CLANG_WARN_BOOL_CONVERSION = YES;
				CLANG_WARN_CONSTANT_CONVERSION = YES;
				CLANG_WARN_DIRECT_OBJC_ISA_USAGE = YES_ERROR;
				CLANG_WARN_EMPTY_BODY = YES;
				CLANG_WARN_ENUM_CONVERSION = YES;
				CLANG_WARN_INT_CONVERSION = YES;
				CLANG_WARN_OBJC_ROOT_CLASS = YES_ERROR;
				CLANG_WARN_UNREACHABLE_CODE = YES;
				CLANG_WARN__DUPLICATE_METHOD_MATCH = YES;
				"CODE_SIGN_IDENTITY[sdk=iphoneos*]" = "iPhone Developer";
				COPY_PHASE_STRIP = NO;
				ENABLE_STRICT_OBJC_MSGSEND = YES;
				GCC_C_LANGUAGE_STANDARD = gnu99;
				GCC_DYNAMIC_NO_PIC = NO;
				GCC_OPTIMIZATION_LEVEL = 0;
				GCC_PREPROCESSOR_DEFINITIONS = (
					"DEBUG=1",
					"$(inherited)",
				);
				GCC_SYMBOLS_PRIVATE_EXTERN = NO;
				GCC_WARN_64_TO_32_BIT_CONVERSION = YES;
				GCC_WARN_ABOUT_RETURN_TYPE = YES_ERROR;
				GCC_WARN_UNDECLARED_SELECTOR = YES;
				GCC_WARN_UNINITIALIZED_AUTOS = YES_AGGRESSIVE;
				GCC_WARN_UNUSED_FUNCTION = YES;
				GCC_WARN_UNUSED_VARIABLE = YES;
				IPHONEOS_DEPLOYMENT_TARGET = 8.1;
				MTL_ENABLE_DEBUG_INFO = YES;
				ONLY_ACTIVE_ARCH = YES;
				SDKROOT = iphoneos;
			};
			name = Debug;
		};
		44893D791A0F933800BD2DF3 /* Release */ = {
			isa = XCBuildConfiguration;
			buildSettings = {
				ALWAYS_SEARCH_USER_PATHS = NO;
				CLANG_CXX_LANGUAGE_STANDARD = "gnu++0x";
				CLANG_CXX_LIBRARY = "libc++";
				CLANG_ENABLE_MODULES = YES;
				CLANG_ENABLE_OBJC_ARC = YES;
				CLANG_WARN_BOOL_CONVERSION = YES;
				CLANG_WARN_CONSTANT_CONVERSION = YES;
				CLANG_WARN_DIRECT_OBJC_ISA_USAGE = YES_ERROR;
				CLANG_WARN_EMPTY_BODY = YES;
				CLANG_WARN_ENUM_CONVERSION = YES;
				CLANG_WARN_INT_CONVERSION = YES;
				CLANG_WARN_OBJC_ROOT_CLASS = YES_ERROR;
				CLANG_WARN_UNREACHABLE_CODE = YES;
				CLANG_WARN__DUPLICATE_METHOD_MATCH = YES;
				"CODE_SIGN_IDENTITY[sdk=iphoneos*]" = "iPhone Developer";
				COPY_PHASE_STRIP = YES;
				ENABLE_NS_ASSERTIONS = NO;
				ENABLE_STRICT_OBJC_MSGSEND = YES;
				GCC_C_LANGUAGE_STANDARD = gnu99;
				GCC_WARN_64_TO_32_BIT_CONVERSION = YES;
				GCC_WARN_ABOUT_RETURN_TYPE = YES_ERROR;
				GCC_WARN_UNDECLARED_SELECTOR = YES;
				GCC_WARN_UNINITIALIZED_AUTOS = YES_AGGRESSIVE;
				GCC_WARN_UNUSED_FUNCTION = YES;
				GCC_WARN_UNUSED_VARIABLE = YES;
				IPHONEOS_DEPLOYMENT_TARGET = 8.1;
				MTL_ENABLE_DEBUG_INFO = NO;
				SDKROOT = iphoneos;
				VALIDATE_PRODUCT = YES;
			};
			name = Release;
		};
		44893D7B1A0F933800BD2DF3 /* Debug */ = {
			isa = XCBuildConfiguration;
			buildSettings = {
				ASSETCATALOG_COMPILER_APPICON_NAME = AppIcon;
				INFOPLIST_FILE = "Dont Burst Your Bubble/Info.plist";
				LD_RUNPATH_SEARCH_PATHS = "$(inherited) @executable_path/Frameworks";
				PRODUCT_NAME = "$(TARGET_NAME)";
			};
			name = Debug;
		};
		44893D7C1A0F933800BD2DF3 /* Release */ = {
			isa = XCBuildConfiguration;
			buildSettings = {
				ASSETCATALOG_COMPILER_APPICON_NAME = AppIcon;
				INFOPLIST_FILE = "Dont Burst Your Bubble/Info.plist";
				LD_RUNPATH_SEARCH_PATHS = "$(inherited) @executable_path/Frameworks";
				PRODUCT_NAME = "$(TARGET_NAME)";
			};
			name = Release;
		};
		44893D7E1A0F933800BD2DF3 /* Debug */ = {
			isa = XCBuildConfiguration;
			buildSettings = {
				BUNDLE_LOADER = "$(TEST_HOST)";
				FRAMEWORK_SEARCH_PATHS = (
					"$(SDKROOT)/Developer/Library/Frameworks",
					"$(inherited)",
				);
				GCC_PREPROCESSOR_DEFINITIONS = (
					"DEBUG=1",
					"$(inherited)",
				);
				INFOPLIST_FILE = "Dont Burst Your BubbleTests/Info.plist";
				LD_RUNPATH_SEARCH_PATHS = "$(inherited) @executable_path/Frameworks @loader_path/Frameworks";
				PRODUCT_NAME = "$(TARGET_NAME)";
				TEST_HOST = "$(BUILT_PRODUCTS_DIR)/Dont Burst Your Bubble.app/Dont Burst Your Bubble";
			};
			name = Debug;
		};
		44893D7F1A0F933800BD2DF3 /* Release */ = {
			isa = XCBuildConfiguration;
			buildSettings = {
				BUNDLE_LOADER = "$(TEST_HOST)";
				FRAMEWORK_SEARCH_PATHS = (
					"$(SDKROOT)/Developer/Library/Frameworks",
					"$(inherited)",
				);
				INFOPLIST_FILE = "Dont Burst Your BubbleTests/Info.plist";
				LD_RUNPATH_SEARCH_PATHS = "$(inherited) @executable_path/Frameworks @loader_path/Frameworks";
				PRODUCT_NAME = "$(TARGET_NAME)";
				TEST_HOST = "$(BUILT_PRODUCTS_DIR)/Dont Burst Your Bubble.app/Dont Burst Your Bubble";
			};
			name = Release;
		};
/* End XCBuildConfiguration section */

/* Begin XCConfigurationList section */
		44893D4D1A0F933800BD2DF3 /* Build configuration list for PBXProject "Dont Burst Your Bubble" */ = {
			isa = XCConfigurationList;
			buildConfigurations = (
				44893D781A0F933800BD2DF3 /* Debug */,
				44893D791A0F933800BD2DF3 /* Release */,
			);
			defaultConfigurationIsVisible = 0;
			defaultConfigurationName = Release;
		};
		44893D7A1A0F933800BD2DF3 /* Build configuration list for PBXNativeTarget "Dont Burst Your Bubble" */ = {
			isa = XCConfigurationList;
			buildConfigurations = (
				44893D7B1A0F933800BD2DF3 /* Debug */,
				44893D7C1A0F933800BD2DF3 /* Release */,
			);
			defaultConfigurationIsVisible = 0;
			defaultConfigurationName = Release;
		};
		44893D7D1A0F933800BD2DF3 /* Build configuration list for PBXNativeTarget "Dont Burst Your BubbleTests" */ = {
			isa = XCConfigurationList;
			buildConfigurations = (
				44893D7E1A0F933800BD2DF3 /* Debug */,
				44893D7F1A0F933800BD2DF3 /* Release */,
			);
			defaultConfigurationIsVisible = 0;
			defaultConfigurationName = Release;
		};
/* End XCConfigurationList section */
	};
	rootObject = 44893D4A1A0F933800BD2DF3 /* Project object */;
}
